
Microsoft Visual Studio Solution File, Format Version 12.00
# Visual Studio Version 17
VisualStudioVersion = 17.0.31919.166
MinimumVisualStudioVersion = 10.0.40219.1
Project("{FAE04EC0-301F-11D3-BF4B-00C04F79EFBC}") = "ParsingReport", "ParsingReport.csproj", "{EEB938FB-F0DB-41B8-8F34-14385A2EA23F}"
EndProject
Global
	GlobalSection(SolutionConfigurationPlatforms) = preSolution
		Debug|Any CPU = Debug|Any CPU
		Release|Any CPU = Release|Any CPU
	EndGlobalSection
	GlobalSection(ProjectConfigurationPlatforms) = postSolution
		{EEB938FB-F0DB-41B8-8F34-14385A2EA23F}.Debug|Any CPU.ActiveCfg = Debug|Any CPU
		{EEB938FB-F0DB-41B8-8F34-14385A2EA23F}.Debug|Any CPU.Build.0 = Debug|Any CPU
		{EEB938FB-F0DB-41B8-8F34-14385A2EA23F}.Release|Any CPU.ActiveCfg = Release|Any CPU
		{EEB938FB-F0DB-41B8-8F34-14385A2EA23F}.Release|Any CPU.Build.0 = Release|Any CPU
	EndGlobalSection
	GlobalSection(SolutionProperties) = preSolution
		HideSolutionNode = FALSE
	EndGlobalSection
	GlobalSection(ExtensibilityGlobals) = postSolution
		SolutionGuid = {E5FD25BC-78BB-4675-95FD-A0A89E26E1DF}
	EndGlobalSection
EndGlobal
